// !$*UTF8*$!
// Generated by Tools/make-host-project.py.
{
	archiveVersion = 1;
	classes = {
	};
	objectVersion = 60;
	objects = {
		0005C8553F793864E7593A25 /* MyChorusPan */ = {
			isa = XCSwiftPackageProductDependency;
			package = EFE90A8E604A7C840E88D03A;
			productName = MyChorusPan;
		};
		011973EC3BD0E64DD8207791 /* MyPlugInCore in Frameworks */ = {isa = PBXBuildFile; productRef = 8ECF86D450EEB35D70F0077B; };
		03017EC07352B241C3BF9DFC /* MyPlugInCore */ = {
			isa = XCSwiftPackageProductDependency;
			package = EFE90A8E604A7C840E88D03A;
			productName = MyPlugInCore;
		};
		0565C756B6AA2804461A2B50 /* MyMaximizer */ = {
			isa = PBXGroup;
			children = (
				D48FB5BC1EB30799780B1081,
				79A5C38B52217F4B06E0060D,
			);
			path = MyMaximizer;
			sourceTree = "<group>";
		};
		068A84D57A0BF2FEB466CD3B /* HostApp */ = {
			isa = PBXGroup;
			children = (
				C03537EF08E582844AEB2655,
				642FA292EF5E5FB38F8E00FD,
			);
			path = HostApp;
			sourceTree = "<group>";
		};
		08A266D529986701F8918289 /* MyPlugInCore in Frameworks */ = {isa = PBXBuildFile; productRef = 4EE75FE1962F3F8EA4F10FFD; };
		0A52C714EDBF28D77D0B6AFB /* MyReverb in Frameworks */ = {isa = PBXBuildFile; productRef = F4A00A737AD874278D0FB8DF; };
		0BA31EF9946A9554CA63D844 /* Info.plist */ = {isa = PBXFileReference; lastKnownFileType = text.plist.xml; path = "Info.plist"; sourceTree = "<group>"; };
		0F68EAA148DADD5397163CB9 /* MyMaximizerExtension Frameworks */ = {
			isa = PBXFrameworksBuildPhase;
			buildActionMask = 2147483647;
			files = (
				830676AC7A75D04617FF52C0,
				1D589BCE2FC897084B0723C1,
			);
			runOnlyForDeploymentPostprocessing = 0;
		};
		1728D1CD58E24B3084BD7FD5 /* MyChannelStripExtension.swift */ = {isa = PBXFileReference; lastKnownFileType = sourcecode.swift; path = "MyChannelStripExtension.swift"; sourceTree = "<group>"; };
		18224AF4112E49BF46807C55 /* MyPlugInCore in Frameworks */ = {isa = PBXBuildFile; productRef = 03017EC07352B241C3BF9DFC; };
		1D589BCE2FC897084B0723C1 /* MyMaximizer in Frameworks */ = {isa = PBXBuildFile; productRef = D66FC61E5094BE19CB0307D4; };
		1D658DA8BF7FC88C9543486E /* MyDelayExtension.swift */ = {isa = PBXFileReference; lastKnownFileType = sourcecode.swift; path = "MyDelayExtension.swift"; sourceTree = "<group>"; };
		26DC57C00E2C8903D9C9543B /* MyPlugInCatalog */ = {
			isa = XCSwiftPackageProductDependency;
			package = EFE90A8E604A7C840E88D03A;
			productName = MyPlugInCatalog;
		};
		2AC8BA37DAC32D5437812408 /* Products */ = {
			isa = PBXGroup;
			children = (
				687870ECB8739D56D9CD3075,
				7A26654BBAA94EFEBC22343B,
				BB0EC5A8BA0BB6F3F441781A,
				38F2644EDD9956A7D1EDA0B9,
				966D6CC6D3CB71626E6E8BAC,
				E48655A2E65CD0259AE6BF19,
			);
			name = Products;
			sourceTree = "<group>";
		};
		320C7ED9AD5DA438EFAF5A7D /* MyMaximizerExtension.appex in Embed Foundation Extensions */ = {isa = PBXBuildFile; fileRef = 966D6CC6D3CB71626E6E8BAC; settings = {ATTRIBUTES = (RemoveHeadersOnCopy, ); }; };
		322E7484ABDF5EC42BFC9662 /* PBXTargetDependency */ = {
			isa = PBXTargetDependency;
			target = D24CF60DD9F84DCC2B9DF8FA;
			targetProxy = 3F17C14C4957612D7AEFED25;
		};
		38F2644EDD9956A7D1EDA0B9 /* MyChannelStripExtension.appex */ = {isa = PBXFileReference; explicitFileType = "wrapper.app-extension"; includeInIndex = 0; path = MyChannelStripExtension.appex; sourceTree = BUILT_PRODUCTS_DIR; };
		3C6B68257C2526EE47417CEF /* MyPlugInCore */ = {
			isa = XCSwiftPackageProductDependency;
			package = EFE90A8E604A7C840E88D03A;
			productName = MyPlugInCore;
		};
		3F17C14C4957612D7AEFED25 /* PBXContainerItemProxy */ = {
			isa = PBXContainerItemProxy;
			containerPortal = 46F86FAA6BBF9AC94A7E4595;
			proxyType = 1;
			remoteGlobalIDString = D24CF60DD9F84DCC2B9DF8FA;
			remoteInfo = MyMaximizerExtension;
		};
		46F86FAA6BBF9AC94A7E4595 /* Project object */ = {
			isa = PBXProject;
			attributes = {
				LastUpgradeCheck = 2700;
			};
			buildConfigurationList = A1806D8FE767B99D399E13F3;
			compatibilityVersion = "Xcode 15.0";
			developmentRegion = en;
			hasScannedForEncodings = 0;
			knownRegions = (
				en,
			);
			mainGroup = 4EAE695AD1F489F78EA3E1C6;
			packageReferences = (
				EFE90A8E604A7C840E88D03A,
			);
			productRefGroup = 2AC8BA37DAC32D5437812408;
			projectDirPath = "";
			projectRoot = "";
			targets = (
				4CDDD75AF45B55C4A02D57C0,
				C04C9773AB9752BE6200277E,
				BAF9131270C4FC25C32E3E63,
				474188EBA5200E0D24721220,
				D24CF60DD9F84DCC2B9DF8FA,
				FAD47953BD0A7DCD28DAD20D,
			);
		};
		474188EBA5200E0D24721220 /* MyChannelStripExtension */ = {
			isa = PBXNativeTarget;
			buildConfigurationList = E74C1832C4C99E4CCAAA47B1;
			buildPhases = (
				BEFADD3D3C2741BDBA546448,
				FE81071C23DFDA570462FB68,
			);
			buildRules = (
			);
			dependencies = (
			);
			name = MyChannelStripExtension;
			packageProductDependencies = (
				8ECF86D450EEB35D70F0077B,
				50F935F87C3319151963C21D,
			);
			productName = MyChannelStripExtension;
			productReference = 38F2644EDD9956A7D1EDA0B9;
			productType = "com.apple.product-type.app-extension";
		};
		47C788BF4D408A25E4CC41ED /* PBXContainerItemProxy */ = {
			isa = PBXContainerItemProxy;
			containerPortal = 46F86FAA6BBF9AC94A7E4595;
			proxyType = 1;
			remoteGlobalIDString = C04C9773AB9752BE6200277E;
			remoteInfo = MyReverbExtension;
		};
		494B19F87E5706E399170CBF /* MyReverbExtension.swift */ = {isa = PBXFileReference; lastKnownFileType = sourcecode.swift; path = "MyReverbExtension.swift"; sourceTree = "<group>"; };
		4A03FA1A4A5F302AA40716D7 /* MyPlugIn Frameworks */ = {
			isa = PBXFrameworksBuildPhase;
			buildActionMask = 2147483647;
			files = (
				C2BE121EC62DD4FD56A601AE,
				B692564681FDF41F2DBB7CCD,
			);
			runOnlyForDeploymentPostprocessing = 0;
		};
		4CDDD75AF45B55C4A02D57C0 /* MyPlugIn */ = {
			isa = PBXNativeTarget;
			buildConfigurationList = CF7975C3E9E26F9456316D50;
			buildPhases = (
				CDBEA21FC3F966C916102DF5,
				4A03FA1A4A5F302AA40716D7,
				5B5114795193A223DD350E58,
			);
			buildRules = (
			);
			dependencies = (
				D97695167684BF15417B212D,
				9F2957D6AE68E6D49856178D,
				601BE1CC4203AD4F3D3717C4,
				322E7484ABDF5EC42BFC9662,
				C7A05E28E41580BEB2018FF1,
			);
			name = MyPlugIn;
			packageProductDependencies = (
				9E5A18506D19AF00549E444C,
				26DC57C00E2C8903D9C9543B,
			);
			productName = MyPlugIn;
			productReference = 687870ECB8739D56D9CD3075;
			productType = "com.apple.product-type.application";
		};
		4EAE695AD1F489F78EA3E1C6 /* main */ = {
			isa = PBXGroup;
			children = (
				068A84D57A0BF2FEB466CD3B,
				E2E4BB3135EECC4D5A1DED4E,
				2AC8BA37DAC32D5437812408,
			);
			sourceTree = "<group>";
		};
		4EE75FE1962F3F8EA4F10FFD /* MyPlugInCore */ = {
			isa = XCSwiftPackageProductDependency;
			package = EFE90A8E604A7C840E88D03A;
			productName = MyPlugInCore;
		};
		50F935F87C3319151963C21D /* MyChannelStrip */ = {
			isa = XCSwiftPackageProductDependency;
			package = EFE90A8E604A7C840E88D03A;
			productName = MyChannelStrip;
		};
		53189AE33A7DF65767A2EC13 /* Build configuration list for MyMaximizerExtension */ = {
			isa = XCConfigurationList;
			buildConfigurations = (
				DBCA2D1DA79B003AB00E9676,
				7C449CE7FBB3FF4F6AB5F761,
			);
			defaultConfigurationIsVisible = 0;
			defaultConfigurationName = Release;
		};
		538D794F2F8DE1340CE1120E /* Info.plist */ = {isa = PBXFileReference; lastKnownFileType = text.plist.xml; path = "Info.plist"; sourceTree = "<group>"; };
		5A6F0CB31060DFD1EAB054B1 /* Build configuration list for MyReverbExtension */ = {
			isa = XCConfigurationList;
			buildConfigurations = (
				753417E43052341AAF61963B,
				66281B597163EE48E64A0C29,
			);
			defaultConfigurationIsVisible = 0;
			defaultConfigurationName = Release;
		};
		5B08E8D90659CBF2E761C855 /* MyChorusPanExtension Sources */ = {
			isa = PBXSourcesBuildPhase;
			buildActionMask = 2147483647;
			files = (
				D3D1F608E81B8B8CA5838914,
			);
			runOnlyForDeploymentPostprocessing = 0;
		};
		5B5114795193A223DD350E58 /* Embed Foundation Extensions */ = {
			isa = PBXCopyFilesBuildPhase;
			buildActionMask = 2147483647;
			dstPath = "";
			dstSubfolderSpec = 13;
			name = "Embed Foundation Extensions";
			files = (
				733ED554CEBF279AFFADEADA,
				8EA70F78F0178219496DCE94,
				665F649C39EAEF1898011898,
				320C7ED9AD5DA438EFAF5A7D,
				F674F5AC2A98DFEA48350D63,
			);
			runOnlyForDeploymentPostprocessing = 0;
		};
		601BE1CC4203AD4F3D3717C4 /* PBXTargetDependency */ = {
			isa = PBXTargetDependency;
			target = 474188EBA5200E0D24721220;
			targetProxy = A5438D8A564575623A5FE531;
		};
		642FA292EF5E5FB38F8E00FD /* Info.plist */ = {isa = PBXFileReference; lastKnownFileType = text.plist.xml; path = "Info.plist"; sourceTree = "<group>"; };
		66281B597163EE48E64A0C29 /* Release */ = {
			isa = XCBuildConfiguration;
			buildSettings = {
				APPLICATION_EXTENSION_API_ONLY = YES;
				CODE_SIGN_ENTITLEMENTS = Extensions/Extension.entitlements;
				CODE_SIGN_STYLE = Automatic;
				DEVELOPMENT_TEAM = 7LUU4H2M28;
				INFOPLIST_FILE = "Extensions/MyReverb/Info.plist";
				MACOSX_DEPLOYMENT_TARGET = 13.0;
				PRODUCT_BUNDLE_IDENTIFIER = com.tokada.MyPlugIn.MyReverb;
				PRODUCT_NAME = "$(TARGET_NAME)";
				SDKROOT = macosx;
				SKIP_INSTALL = YES;
				SWIFT_VERSION = 5.0;
			};
			name = Release;
		};
		665F649C39EAEF1898011898 /* MyChannelStripExtension.appex in Embed Foundation Extensions */ = {isa = PBXBuildFile; fileRef = 38F2644EDD9956A7D1EDA0B9; settings = {ATTRIBUTES = (RemoveHeadersOnCopy, ); }; };
		687870ECB8739D56D9CD3075 /* MyPlugIn.app */ = {isa = PBXFileReference; explicitFileType = wrapper.application; includeInIndex = 0; path = MyPlugIn.app; sourceTree = BUILT_PRODUCTS_DIR; };
		6AFE22E70BE079CBB63426F8 /* Release */ = {
			isa = XCBuildConfiguration;
			buildSettings = {
				ALWAYS_SEARCH_USER_PATHS = NO;
			};
			name = Release;
		};
		709AD7FA2468A2E86A3A639A /* MyChannelStrip */ = {
			isa = PBXGroup;
			children = (
				1728D1CD58E24B3084BD7FD5,
				F6D67B4A8CF10A29E6C11445,
			);
			path = MyChannelStrip;
			sourceTree = "<group>";
		};
		733ED554CEBF279AFFADEADA /* MyReverbExtension.appex in Embed Foundation Extensions */ = {isa = PBXBuildFile; fileRef = 7A26654BBAA94EFEBC22343B; settings = {ATTRIBUTES = (RemoveHeadersOnCopy, ); }; };
		753417E43052341AAF61963B /* Debug */ = {
			isa = XCBuildConfiguration;
			buildSettings = {
				APPLICATION_EXTENSION_API_ONLY = YES;
				CODE_SIGN_ENTITLEMENTS = Extensions/Extension.entitlements;
				CODE_SIGN_STYLE = Automatic;
				DEVELOPMENT_TEAM = 7LUU4H2M28;
				INFOPLIST_FILE = "Extensions/MyReverb/Info.plist";
				MACOSX_DEPLOYMENT_TARGET = 13.0;
				PRODUCT_BUNDLE_IDENTIFIER = com.tokada.MyPlugIn.MyReverb;
				PRODUCT_NAME = "$(TARGET_NAME)";
				SDKROOT = macosx;
				SKIP_INSTALL = YES;
				SWIFT_VERSION = 5.0;
			};
			name = Debug;
		};
		77CF47205600D2BF7E009852 /* MyChannelStripExtension.swift in Sources */ = {isa = PBXBuildFile; fileRef = 1728D1CD58E24B3084BD7FD5; };
		79A5C38B52217F4B06E0060D /* Info.plist */ = {isa = PBXFileReference; lastKnownFileType = text.plist.xml; path = "Info.plist"; sourceTree = "<group>"; };
		7A26654BBAA94EFEBC22343B /* MyReverbExtension.appex */ = {isa = PBXFileReference; explicitFileType = "wrapper.app-extension"; includeInIndex = 0; path = MyReverbExtension.appex; sourceTree = BUILT_PRODUCTS_DIR; };
		7C449CE7FBB3FF4F6AB5F761 /* Release */ = {
			isa = XCBuildConfiguration;
			buildSettings = {
				APPLICATION_EXTENSION_API_ONLY = YES;
				CODE_SIGN_ENTITLEMENTS = Extensions/Extension.entitlements;
				CODE_SIGN_STYLE = Automatic;
				DEVELOPMENT_TEAM = 7LUU4H2M28;
				INFOPLIST_FILE = "Extensions/MyMaximizer/Info.plist";
				MACOSX_DEPLOYMENT_TARGET = 13.0;
				PRODUCT_BUNDLE_IDENTIFIER = com.tokada.MyPlugIn.MyMaximizer;
				PRODUCT_NAME = "$(TARGET_NAME)";
				SDKROOT = macosx;
				SKIP_INSTALL = YES;
				SWIFT_VERSION = 5.0;
			};
			name = Release;
		};
		7F2980FBC5BEA52E049B27DB /* Debug */ = {
			isa = XCBuildConfiguration;
			buildSettings = {
				APPLICATION_EXTENSION_API_ONLY = YES;
				CODE_SIGN_ENTITLEMENTS = Extensions/Extension.entitlements;
				CODE_SIGN_STYLE = Automatic;
				DEVELOPMENT_TEAM = 7LUU4H2M28;
				INFOPLIST_FILE = "Extensions/MyChannelStrip/Info.plist";
				MACOSX_DEPLOYMENT_TARGET = 13.0;
				PRODUCT_BUNDLE_IDENTIFIER = com.tokada.MyPlugIn.MyChannelStrip;
				PRODUCT_NAME = "$(TARGET_NAME)";
				SDKROOT = macosx;
				SKIP_INSTALL = YES;
				SWIFT_VERSION = 5.0;
			};
			name = Debug;
		};
		830676AC7A75D04617FF52C0 /* MyPlugInCore in Frameworks */ = {isa = PBXBuildFile; productRef = E6A5EC5B76911C9C9CBEF08B; };
		85EB5BCE370EA7516DB991AE /* MyChorusPanExtension.swift */ = {isa = PBXFileReference; lastKnownFileType = sourcecode.swift; path = "MyChorusPanExtension.swift"; sourceTree = "<group>"; };
		8D852095880486B9222FF294 /* Release */ = {
			isa = XCBuildConfiguration;
			buildSettings = {
				CODE_SIGN_STYLE = Automatic;
				DEVELOPMENT_TEAM = 7LUU4H2M28;
				INFOPLIST_FILE = HostApp/Info.plist;
				MACOSX_DEPLOYMENT_TARGET = 13.0;
				PRODUCT_BUNDLE_IDENTIFIER = com.tokada.MyPlugIn;
				PRODUCT_NAME = MyPlugIn;
				SDKROOT = macosx;
				SWIFT_VERSION = 5.0;
			};
			name = Release;
		};
		8EA70F78F0178219496DCE94 /* MyDelayExtension.appex in Embed Foundation Extensions */ = {isa = PBXBuildFile; fileRef = BB0EC5A8BA0BB6F3F441781A; settings = {ATTRIBUTES = (RemoveHeadersOnCopy, ); }; };
		8ECF86D450EEB35D70F0077B /* MyPlugInCore */ = {
			isa = XCSwiftPackageProductDependency;
			package = EFE90A8E604A7C840E88D03A;
			productName = MyPlugInCore;
		};
		905DEFFD973864E2A457A21B /* MyReverbExtension Frameworks */ = {
			isa = PBXFrameworksBuildPhase;
			buildActionMask = 2147483647;
			files = (
				98A25E8996DB261EF5E8957D,
				0A52C714EDBF28D77D0B6AFB,
			);
			runOnlyForDeploymentPostprocessing = 0;
		};
		910E26F5C44462E490E91133 /* MyDelayExtension.swift in Sources */ = {isa = PBXBuildFile; fileRef = 1D658DA8BF7FC88C9543486E; };
		91975E80FC675635706F3BE2 /* MyDelayExtension Frameworks */ = {
			isa = PBXFrameworksBuildPhase;
			buildActionMask = 2147483647;
			files = (
				18224AF4112E49BF46807C55,
				A5C082C286FAD3415EC7EFF6,
			);
			runOnlyForDeploymentPostprocessing = 0;
		};
		966D6CC6D3CB71626E6E8BAC /* MyMaximizerExtension.appex */ = {isa = PBXFileReference; explicitFileType = "wrapper.app-extension"; includeInIndex = 0; path = MyMaximizerExtension.appex; sourceTree = BUILT_PRODUCTS_DIR; };
		98A1792724A1EDFF43A5D1FE /* MyChannelStrip in Frameworks */ = {isa = PBXBuildFile; productRef = 50F935F87C3319151963C21D; };
		98A25E8996DB261EF5E8957D /* MyPlugInCore in Frameworks */ = {isa = PBXBuildFile; productRef = 3C6B68257C2526EE47417CEF; };
		9E5A18506D19AF00549E444C /* MyPlugInCore */ = {
			isa = XCSwiftPackageProductDependency;
			package = EFE90A8E604A7C840E88D03A;
			productName = MyPlugInCore;
		};
		9F2957D6AE68E6D49856178D /* PBXTargetDependency */ = {
			isa = PBXTargetDependency;
			target = BAF9131270C4FC25C32E3E63;
			targetProxy = D271D2BE62841B7C79686025;
		};
		9FBF67B1576F97CA7D046A75 /* MyDelay */ = {
			isa = PBXGroup;
			children = (
				1D658DA8BF7FC88C9543486E,
				CF0221043C8C9B610F174532,
			);
			path = MyDelay;
			sourceTree = "<group>";
		};
		A1806D8FE767B99D399E13F3 /* Build configuration list for project */ = {
			isa = XCConfigurationList;
			buildConfigurations = (
				D48F58F8CA231B2301441318,
				6AFE22E70BE079CBB63426F8,
			);
			defaultConfigurationIsVisible = 0;
			defaultConfigurationName = Release;
		};
		A5438D8A564575623A5FE531 /* PBXContainerItemProxy */ = {
			isa = PBXContainerItemProxy;
			containerPortal = 46F86FAA6BBF9AC94A7E4595;
			proxyType = 1;
			remoteGlobalIDString = 474188EBA5200E0D24721220;
			remoteInfo = MyChannelStripExtension;
		};
		A5C082C286FAD3415EC7EFF6 /* MyDelay in Frameworks */ = {isa = PBXBuildFile; productRef = BD1EBA95CC54674F0ADF05F3; };
		B692564681FDF41F2DBB7CCD /* MyPlugInCatalog in Frameworks */ = {isa = PBXBuildFile; productRef = 26DC57C00E2C8903D9C9543B; };
		B81DD771EFCDBF71A939F845 /* MyReverbExtension Sources */ = {
			isa = PBXSourcesBuildPhase;
			buildActionMask = 2147483647;
			files = (
				E02AD90A2A189B482124E381,
			);
			runOnlyForDeploymentPostprocessing = 0;
		};
		BAF9131270C4FC25C32E3E63 /* MyDelayExtension */ = {
			isa = PBXNativeTarget;
			buildConfigurationList = F6D2CF4D45887CF75A10DAE8;
			buildPhases = (
				C9680DFA9968EC82BEFA1F55,
				91975E80FC675635706F3BE2,
			);
			buildRules = (
			);
			dependencies = (
			);
			name = MyDelayExtension;
			packageProductDependencies = (
				03017EC07352B241C3BF9DFC,
				BD1EBA95CC54674F0ADF05F3,
			);
			productName = MyDelayExtension;
			productReference = BB0EC5A8BA0BB6F3F441781A;
			productType = "com.apple.product-type.app-extension";
		};
		BB0EC5A8BA0BB6F3F441781A /* MyDelayExtension.appex */ = {isa = PBXFileReference; explicitFileType = "wrapper.app-extension"; includeInIndex = 0; path = MyDelayExtension.appex; sourceTree = BUILT_PRODUCTS_DIR; };
		BD1EBA95CC54674F0ADF05F3 /* MyDelay */ = {
			isa = XCSwiftPackageProductDependency;
			package = EFE90A8E604A7C840E88D03A;
			productName = MyDelay;
		};
		BEFADD3D3C2741BDBA546448 /* MyChannelStripExtension Sources */ = {
			isa = PBXSourcesBuildPhase;
			buildActionMask = 2147483647;
			files = (
				77CF47205600D2BF7E009852,
			);
			runOnlyForDeploymentPostprocessing = 0;
		};
		C03537EF08E582844AEB2655 /* MyPlugInApp.swift */ = {isa = PBXFileReference; lastKnownFileType = sourcecode.swift; path = "MyPlugInApp.swift"; sourceTree = "<group>"; };
		C04C9773AB9752BE6200277E /* MyReverbExtension */ = {
			isa = PBXNativeTarget;
			buildConfigurationList = 5A6F0CB31060DFD1EAB054B1;
			buildPhases = (
				B81DD771EFCDBF71A939F845,
				905DEFFD973864E2A457A21B,
			);
			buildRules = (
			);
			dependencies = (
			);
			name = MyReverbExtension;
			packageProductDependencies = (
				3C6B68257C2526EE47417CEF,
				F4A00A737AD874278D0FB8DF,
			);
			productName = MyReverbExtension;
			productReference = 7A26654BBAA94EFEBC22343B;
			productType = "com.apple.product-type.app-extension";
		};
		C1C005BC8474FB175F8457F4 /* MyReverb */ = {
			isa = PBXGroup;
			children = (
				494B19F87E5706E399170CBF,
				538D794F2F8DE1340CE1120E,
			);
			path = MyReverb;
			sourceTree = "<group>";
		};
		C2BE121EC62DD4FD56A601AE /* MyPlugInCore in Frameworks */ = {isa = PBXBuildFile; productRef = 9E5A18506D19AF00549E444C; };
		C56172C534EFC23FFADEA38B /* Release */ = {
			isa = XCBuildConfiguration;
			buildSettings = {
				APPLICATION_EXTENSION_API_ONLY = YES;
				CODE_SIGN_ENTITLEMENTS = Extensions/Extension.entitlements;
				CODE_SIGN_STYLE = Automatic;
				DEVELOPMENT_TEAM = 7LUU4H2M28;
				INFOPLIST_FILE = "Extensions/MyChannelStrip/Info.plist";
				MACOSX_DEPLOYMENT_TARGET = 13.0;
				PRODUCT_BUNDLE_IDENTIFIER = com.tokada.MyPlugIn.MyChannelStrip;
				PRODUCT_NAME = "$(TARGET_NAME)";
				SDKROOT = macosx;
				SKIP_INSTALL = YES;
				SWIFT_VERSION = 5.0;
			};
			name = Release;
		};
		C7A05E28E41580BEB2018FF1 /* PBXTargetDependency */ = {
			isa = PBXTargetDependency;
			target = FAD47953BD0A7DCD28DAD20D;
			targetProxy = D0CE6D1F9860FD1D859D2A24;
		};
		C8F14294D4299F2234F71721 /* MyChorusPanExtension Frameworks */ = {
			isa = PBXFrameworksBuildPhase;
			buildActionMask = 2147483647;
			files = (
				08A266D529986701F8918289,
				F964C1E815ABBE5EB9272603,
			);
			runOnlyForDeploymentPostprocessing = 0;
		};
		C96197A75F68AE4E926514BA /* Release */ = {
			isa = XCBuildConfiguration;
			buildSettings = {
				APPLICATION_EXTENSION_API_ONLY = YES;
				CODE_SIGN_ENTITLEMENTS = Extensions/Extension.entitlements;
				CODE_SIGN_STYLE = Automatic;
				DEVELOPMENT_TEAM = 7LUU4H2M28;
				INFOPLIST_FILE = "Extensions/MyChorusPan/Info.plist";
				MACOSX_DEPLOYMENT_TARGET = 13.0;
				PRODUCT_BUNDLE_IDENTIFIER = com.tokada.MyPlugIn.MyChorusPan;
				PRODUCT_NAME = "$(TARGET_NAME)";
				SDKROOT = macosx;
				SKIP_INSTALL = YES;
				SWIFT_VERSION = 5.0;
			};
			name = Release;
		};
		C9680DFA9968EC82BEFA1F55 /* MyDelayExtension Sources */ = {
			isa = PBXSourcesBuildPhase;
			buildActionMask = 2147483647;
			files = (
				910E26F5C44462E490E91133,
			);
			runOnlyForDeploymentPostprocessing = 0;
		};
		CC52771F611B65FA8244CF03 /* Extension.entitlements */ = {isa = PBXFileReference; lastKnownFileType = text.plist.entitlements; path = "Extension.entitlements"; sourceTree = "<group>"; };
		CDBEA21FC3F966C916102DF5 /* MyPlugIn Sources */ = {
			isa = PBXSourcesBuildPhase;
			buildActionMask = 2147483647;
			files = (
				D7D9CDA934BA2677DDAFCF49,
			);
			runOnlyForDeploymentPostprocessing = 0;
		};
		CF0221043C8C9B610F174532 /* Info.plist */ = {isa = PBXFileReference; lastKnownFileType = text.plist.xml; path = "Info.plist"; sourceTree = "<group>"; };
		CF3F74B238F1CC0131F63A27 /* Release */ = {
			isa = XCBuildConfiguration;
			buildSettings = {
				APPLICATION_EXTENSION_API_ONLY = YES;
				CODE_SIGN_ENTITLEMENTS = Extensions/Extension.entitlements;
				CODE_SIGN_STYLE = Automatic;
				DEVELOPMENT_TEAM = 7LUU4H2M28;
				INFOPLIST_FILE = "Extensions/MyDelay/Info.plist";
				MACOSX_DEPLOYMENT_TARGET = 13.0;
				PRODUCT_BUNDLE_IDENTIFIER = com.tokada.MyPlugIn.MyDelay;
				PRODUCT_NAME = "$(TARGET_NAME)";
				SDKROOT = macosx;
				SKIP_INSTALL = YES;
				SWIFT_VERSION = 5.0;
			};
			name = Release;
		};
		CF7975C3E9E26F9456316D50 /* Build configuration list for MyPlugIn */ = {
			isa = XCConfigurationList;
			buildConfigurations = (
				FBEEBAF886D87A30C6DA0651,
				8D852095880486B9222FF294,
			);
			defaultConfigurationIsVisible = 0;
			defaultConfigurationName = Release;
		};
		D0CE6D1F9860FD1D859D2A24 /* PBXContainerItemProxy */ = {
			isa = PBXContainerItemProxy;
			containerPortal = 46F86FAA6BBF9AC94A7E4595;
			proxyType = 1;
			remoteGlobalIDString = FAD47953BD0A7DCD28DAD20D;
			remoteInfo = MyChorusPanExtension;
		};
		D24CF60DD9F84DCC2B9DF8FA /* MyMaximizerExtension */ = {
			isa = PBXNativeTarget;
			buildConfigurationList = 53189AE33A7DF65767A2EC13;
			buildPhases = (
				EAA1187D5B2C323E503F6C59,
				0F68EAA148DADD5397163CB9,
			);
			buildRules = (
			);
			dependencies = (
			);
			name = MyMaximizerExtension;
			packageProductDependencies = (
				E6A5EC5B76911C9C9CBEF08B,
				D66FC61E5094BE19CB0307D4,
			);
			productName = MyMaximizerExtension;
			productReference = 966D6CC6D3CB71626E6E8BAC;
			productType = "com.apple.product-type.app-extension";
		};
		D271D2BE62841B7C79686025 /* PBXContainerItemProxy */ = {
			isa = PBXContainerItemProxy;
			containerPortal = 46F86FAA6BBF9AC94A7E4595;
			proxyType = 1;
			remoteGlobalIDString = BAF9131270C4FC25C32E3E63;
			remoteInfo = MyDelayExtension;
		};
		D3D1F608E81B8B8CA5838914 /* MyChorusPanExtension.swift in Sources */ = {isa = PBXBuildFile; fileRef = 85EB5BCE370EA7516DB991AE; };
		D48F58F8CA231B2301441318 /* Debug */ = {
			isa = XCBuildConfiguration;
			buildSettings = {
				ALWAYS_SEARCH_USER_PATHS = NO;
			};
			name = Debug;
		};
		D48FB5BC1EB30799780B1081 /* MyMaximizerExtension.swift */ = {isa = PBXFileReference; lastKnownFileType = sourcecode.swift; path = "MyMaximizerExtension.swift"; sourceTree = "<group>"; };
		D66FC61E5094BE19CB0307D4 /* MyMaximizer */ = {
			isa = XCSwiftPackageProductDependency;
			package = EFE90A8E604A7C840E88D03A;
			productName = MyMaximizer;
		};
		D7D9CDA934BA2677DDAFCF49 /* MyPlugInApp.swift in Sources */ = {isa = PBXBuildFile; fileRef = C03537EF08E582844AEB2655; };
		D852F7EDB721B8EBC6297634 /* Debug */ = {
			isa = XCBuildConfiguration;
			buildSettings = {
				APPLICATION_EXTENSION_API_ONLY = YES;
				CODE_SIGN_ENTITLEMENTS = Extensions/Extension.entitlements;
				CODE_SIGN_STYLE = Automatic;
				DEVELOPMENT_TEAM = 7LUU4H2M28;
				INFOPLIST_FILE = "Extensions/MyDelay/Info.plist";
				MACOSX_DEPLOYMENT_TARGET = 13.0;
				PRODUCT_BUNDLE_IDENTIFIER = com.tokada.MyPlugIn.MyDelay;
				PRODUCT_NAME = "$(TARGET_NAME)";
				SDKROOT = macosx;
				SKIP_INSTALL = YES;
				SWIFT_VERSION = 5.0;
			};
			name = Debug;
		};
		D90B6B9B89BD1C57C6E71251 /* Debug */ = {
			isa = XCBuildConfiguration;
			buildSettings = {
				APPLICATION_EXTENSION_API_ONLY = YES;
				CODE_SIGN_ENTITLEMENTS = Extensions/Extension.entitlements;
				CODE_SIGN_STYLE = Automatic;
				DEVELOPMENT_TEAM = 7LUU4H2M28;
				INFOPLIST_FILE = "Extensions/MyChorusPan/Info.plist";
				MACOSX_DEPLOYMENT_TARGET = 13.0;
				PRODUCT_BUNDLE_IDENTIFIER = com.tokada.MyPlugIn.MyChorusPan;
				PRODUCT_NAME = "$(TARGET_NAME)";
				SDKROOT = macosx;
				SKIP_INSTALL = YES;
				SWIFT_VERSION = 5.0;
			};
			name = Debug;
		};
		D97695167684BF15417B212D /* PBXTargetDependency */ = {
			isa = PBXTargetDependency;
			target = C04C9773AB9752BE6200277E;
			targetProxy = 47C788BF4D408A25E4CC41ED;
		};
		DBCA2D1DA79B003AB00E9676 /* Debug */ = {
			isa = XCBuildConfiguration;
			buildSettings = {
				APPLICATION_EXTENSION_API_ONLY = YES;
				CODE_SIGN_ENTITLEMENTS = Extensions/Extension.entitlements;
				CODE_SIGN_STYLE = Automatic;
				DEVELOPMENT_TEAM = 7LUU4H2M28;
				INFOPLIST_FILE = "Extensions/MyMaximizer/Info.plist";
				MACOSX_DEPLOYMENT_TARGET = 13.0;
				PRODUCT_BUNDLE_IDENTIFIER = com.tokada.MyPlugIn.MyMaximizer;
				PRODUCT_NAME = "$(TARGET_NAME)";
				SDKROOT = macosx;
				SKIP_INSTALL = YES;
				SWIFT_VERSION = 5.0;
			};
			name = Debug;
		};
		DD196E2BC868A622406CA702 /* MyChorusPan */ = {
			isa = PBXGroup;
			children = (
				85EB5BCE370EA7516DB991AE,
				0BA31EF9946A9554CA63D844,
			);
			path = MyChorusPan;
			sourceTree = "<group>";
		};
		E02AD90A2A189B482124E381 /* MyReverbExtension.swift in Sources */ = {isa = PBXBuildFile; fileRef = 494B19F87E5706E399170CBF; };
		E2E4BB3135EECC4D5A1DED4E /* Extensions */ = {
			isa = PBXGroup;
			children = (
				CC52771F611B65FA8244CF03,
				C1C005BC8474FB175F8457F4,
				9FBF67B1576F97CA7D046A75,
				709AD7FA2468A2E86A3A639A,
				0565C756B6AA2804461A2B50,
				DD196E2BC868A622406CA702,
			);
			path = Extensions;
			sourceTree = "<group>";
		};
		E48655A2E65CD0259AE6BF19 /* MyChorusPanExtension.appex */ = {isa = PBXFileReference; explicitFileType = "wrapper.app-extension"; includeInIndex = 0; path = MyChorusPanExtension.appex; sourceTree = BUILT_PRODUCTS_DIR; };
		E6A5EC5B76911C9C9CBEF08B /* MyPlugInCore */ = {
			isa = XCSwiftPackageProductDependency;
			package = EFE90A8E604A7C840E88D03A;
			productName = MyPlugInCore;
		};
		E74C1832C4C99E4CCAAA47B1 /* Build configuration list for MyChannelStripExtension */ = {
			isa = XCConfigurationList;
			buildConfigurations = (
				7F2980FBC5BEA52E049B27DB,
				C56172C534EFC23FFADEA38B,
			);
			defaultConfigurationIsVisible = 0;
			defaultConfigurationName = Release;
		};
		EAA1187D5B2C323E503F6C59 /* MyMaximizerExtension Sources */ = {
			isa = PBXSourcesBuildPhase;
			buildActionMask = 2147483647;
			files = (
				FAE38136A79297D35B8435E4,
			);
			runOnlyForDeploymentPostprocessing = 0;
		};
		EFE90A8E604A7C840E88D03A /* XCLocalSwiftPackageReference "../.." */ = {
			isa = XCLocalSwiftPackageReference;
			relativePath = ../..;
		};
		F0DBF012B4E026152782C050 /* Build configuration list for MyChorusPanExtension */ = {
			isa = XCConfigurationList;
			buildConfigurations = (
				D90B6B9B89BD1C57C6E71251,
				C96197A75F68AE4E926514BA,
			);
			defaultConfigurationIsVisible = 0;
			defaultConfigurationName = Release;
		};
		F4A00A737AD874278D0FB8DF /* MyReverb */ = {
			isa = XCSwiftPackageProductDependency;
			package = EFE90A8E604A7C840E88D03A;
			productName = MyReverb;
		};
		F674F5AC2A98DFEA48350D63 /* MyChorusPanExtension.appex in Embed Foundation Extensions */ = {isa = PBXBuildFile; fileRef = E48655A2E65CD0259AE6BF19; settings = {ATTRIBUTES = (RemoveHeadersOnCopy, ); }; };
		F6D2CF4D45887CF75A10DAE8 /* Build configuration list for MyDelayExtension */ = {
			isa = XCConfigurationList;
			buildConfigurations = (
				D852F7EDB721B8EBC6297634,
				CF3F74B238F1CC0131F63A27,
			);
			defaultConfigurationIsVisible = 0;
			defaultConfigurationName = Release;
		};
		F6D67B4A8CF10A29E6C11445 /* Info.plist */ = {isa = PBXFileReference; lastKnownFileType = text.plist.xml; path = "Info.plist"; sourceTree = "<group>"; };
		F964C1E815ABBE5EB9272603 /* MyChorusPan in Frameworks */ = {isa = PBXBuildFile; productRef = 0005C8553F793864E7593A25; };
		FAD47953BD0A7DCD28DAD20D /* MyChorusPanExtension */ = {
			isa = PBXNativeTarget;
			buildConfigurationList = F0DBF012B4E026152782C050;
			buildPhases = (
				5B08E8D90659CBF2E761C855,
				C8F14294D4299F2234F71721,
			);
			buildRules = (
			);
			dependencies = (
			);
			name = MyChorusPanExtension;
			packageProductDependencies = (
				4EE75FE1962F3F8EA4F10FFD,
				0005C8553F793864E7593A25,
			);
			productName = MyChorusPanExtension;
			productReference = E48655A2E65CD0259AE6BF19;
			productType = "com.apple.product-type.app-extension";
		};
		FAE38136A79297D35B8435E4 /* MyMaximizerExtension.swift in Sources */ = {isa = PBXBuildFile; fileRef = D48FB5BC1EB30799780B1081; };
		FBEEBAF886D87A30C6DA0651 /* Debug */ = {
			isa = XCBuildConfiguration;
			buildSettings = {
				CODE_SIGN_STYLE = Automatic;
				DEVELOPMENT_TEAM = 7LUU4H2M28;
				INFOPLIST_FILE = HostApp/Info.plist;
				MACOSX_DEPLOYMENT_TARGET = 13.0;
				PRODUCT_BUNDLE_IDENTIFIER = com.tokada.MyPlugIn;
				PRODUCT_NAME = MyPlugIn;
				SDKROOT = macosx;
				SWIFT_VERSION = 5.0;
			};
			name = Debug;
		};
		FE81071C23DFDA570462FB68 /* MyChannelStripExtension Frameworks */ = {
			isa = PBXFrameworksBuildPhase;
			buildActionMask = 2147483647;
			files = (
				011973EC3BD0E64DD8207791,
				98A1792724A1EDFF43A5D1FE,
			);
			runOnlyForDeploymentPostprocessing = 0;
		};
	};
	rootObject = 46F86FAA6BBF9AC94A7E4595;
}
